
Microsoft Visual Studio Solution File, Format Version 12.00
# Visual Studio Version 17
VisualStudioVersion = 17.8.34330.188
MinimumVisualStudioVersion = 10.0.40219.1
Project("{9A19103F-16F7-4668-BE54-9A1E7A4F7556}") = "Bunker", "Bunker\Bunker.csproj", "{B892CE03-B743-40C2-8DAB-D9C61AF4207E}"
	ProjectSection(ProjectDependencies) = postProject
		{C6297FE2-16E9-45B8-B72E-92EF0EDFCBD1} = {C6297FE2-16E9-45B8-B72E-92EF0EDFCBD1}
	EndProjectSection
EndProject
Project("{9A19103F-16F7-4668-BE54-9A1E7A4F7556}") = "Bunker_Server", "Bunker_Server\Bunker_Server.csproj", "{A8CFB8EA-A074-4179-B1F3-536717EAC93F}"
	ProjectSection(ProjectDependencies) = postProject
		{C6297FE2-16E9-45B8-B72E-92EF0EDFCBD1} = {C6297FE2-16E9-45B8-B72E-92EF0EDFCBD1}
	EndProjectSection
EndProject
Project("{FAE04EC0-301F-11D3-BF4B-00C04F79EFBC}") = "Common", "Common\Common.csproj", "{C6297FE2-16E9-45B8-B72E-92EF0EDFCBD1}"
EndProject
Global
	GlobalSection(SolutionConfigurationPlatforms) = preSolution
		Debug|Any CPU = Debug|Any CPU
		Release|Any CPU = Release|Any CPU
	EndGlobalSection
	GlobalSection(ProjectConfigurationPlatforms) = postSolution
		{B892CE03-B743-40C2-8DAB-D9C61AF4207E}.Debug|Any CPU.ActiveCfg = Debug|Any CPU
		{B892CE03-B743-40C2-8DAB-D9C61AF4207E}.Debug|Any CPU.Build.0 = Debug|Any CPU
		{B892CE03-B743-40C2-8DAB-D9C61AF4207E}.Release|Any CPU.ActiveCfg = Release|Any CPU
		{B892CE03-B743-40C2-8DAB-D9C61AF4207E}.Release|Any CPU.Build.0 = Release|Any CPU
		{A8CFB8EA-A074-4179-B1F3-536717EAC93F}.Debug|Any CPU.ActiveCfg = Debug|Any CPU
		{A8CFB8EA-A074-4179-B1F3-536717EAC93F}.Debug|Any CPU.Build.0 = Debug|Any CPU
		{A8CFB8EA-A074-4179-B1F3-536717EAC93F}.Release|Any CPU.ActiveCfg = Release|Any CPU
		{A8CFB8EA-A074-4179-B1F3-536717EAC93F}.Release|Any CPU.Build.0 = Release|Any CPU
		{C6297FE2-16E9-45B8-B72E-92EF0EDFCBD1}.Debug|Any CPU.ActiveCfg = Debug|Any CPU
		{C6297FE2-16E9-45B8-B72E-92EF0EDFCBD1}.Debug|Any CPU.Build.0 = Debug|Any CPU
		{C6297FE2-16E9-45B8-B72E-92EF0EDFCBD1}.Release|Any CPU.ActiveCfg = Release|Any CPU
		{C6297FE2-16E9-45B8-B72E-92EF0EDFCBD1}.Release|Any CPU.Build.0 = Release|Any CPU
	EndGlobalSection
	GlobalSection(SolutionProperties) = preSolution
		HideSolutionNode = FALSE
	EndGlobalSection
	GlobalSection(ExtensibilityGlobals) = postSolution
		SolutionGuid = {76DF0DB4-3C61-474F-91DE-6A308A03FC9B}
	EndGlobalSection
EndGlobal
